{
    "name": "node-red-project",
    "version": "0.0.1",
    "lockfileVersion": 3,
    "requires": true,
    "packages": {
        "": {
            "name": "node-red-project",
            "version": "0.0.1",
            "dependencies": {
                "node-red-contrib-influxdb": "~0.7.0",
                "node-red-contrib-telegrambot": "~18.0.0"
            }
        },
        "node_modules/@influxdata/influxdb-client": {
            "version": "1.33.2",
            "resolved": "https://registry.npmjs.org/@influxdata/influxdb-client/-/influxdb-client-1.33.2.tgz",
            "integrity": "sha512-RT5SxH+grHAazo/YK3UTuWK/frPWRM0N7vkrCUyqVprDgQzlLP+bSK4ak2Jv3QVF/pazTnsxWjvtKZdwskV5Xw==",
            "license": "MIT"
        },
        "node_modules/fetch-socks": {
            "version": "1.3.3",
            "resolved": "https://registry.npmjs.org/fetch-socks/-/fetch-socks-1.3.3.tgz",
            "integrity": "sha512-jI22jzTf7x3GAcUoZARwuxKBPotb3PFkemVWqxlF2qV55FhRytRJrn95HeLoUMq2vkIbY3aQqNYytvZKqUoMaQ==",
            "license": "MIT",
            "dependencies": {
                "socks": "^2.8.7",
                "undici": ">=7"
            }
        },
        "node_modules/influx": {
            "version": "5.9.7",
            "resolved": "https://registry.npmjs.org/influx/-/influx-5.9.7.tgz",
            "integrity": "sha512-F3PUzy/CHjbYizuJqekjcrMrwnY7KrK55xBoyGw3H644I5FNgcF7zX8nfXVNXEgb+giKuAI0pX6NRhB33XpEnA==",
            "license": "MIT"
        },
        "node_modules/ip-address": {
            "version": "10.2.0",
            "resolved": "https://registry.npmjs.org/ip-address/-/ip-address-10.2.0.tgz",
            "integrity": "sha512-/+S6j4E9AHvW9SWMSEY9Xfy66O5PWvVEJ08O0y5JGyEKQpojb0K0GKpz/v5HJ/G0vi3D2sjGK78119oXZeE0qA==",
            "license": "MIT",
            "engines": {
                "node": ">= 12"
            }
        },
        "node_modules/lodash": {
            "version": "4.17.23",
            "resolved": "https://registry.npmjs.org/lodash/-/lodash-4.17.23.tgz",
            "integrity": "sha512-LgVTMpQtIopCi79SJeDiP0TfWi5CNEc/L/aRdTh3yIvmZXTnheWpKjSZhnvMl8iXbC1tFg9gdHHDMLoV7CnG+w==",
            "license": "MIT"
        },
        "node_modules/node-red-contrib-influxdb": {
            "version": "0.7.0",
            "resolved": "https://registry.npmjs.org/node-red-contrib-influxdb/-/node-red-contrib-influxdb-0.7.0.tgz",
            "integrity": "sha512-WyjBYXPKZUZZxt4TwMcqk9bKhJjWXeGKie0HWnj5hZpJEYWvLzKjJHPFDLdx2IsflRoM40w1MGtH6F7xjbS2bQ==",
            "license": "Apache-2.0",
            "dependencies": {
                "@influxdata/influxdb-client": "~1.33.2",
                "influx": "~5.9.3",
                "lodash": "~4.17.21"
            },
            "engines": {
                "node": ">=10"
            }
        },
        "node_modules/node-red-contrib-telegrambot": {
            "version": "18.0.0",
            "resolved": "https://registry.npmjs.org/node-red-contrib-telegrambot/-/node-red-contrib-telegrambot-18.0.0.tgz",
            "integrity": "sha512-P199kEcjkkiqG/khnWtWk7UI3SMHA6nnhz8w0shOkP+N1KCNuveULkK228VXxB3yVWVgIwC9FsEuTUCvmaZwHQ==",
            "license": "MIT",
            "dependencies": {
                "fetch-socks": "^1.3.3",
                "node-telegram-bot-api": "^1.1.2",
                "undici": "^7.0.0"
            },
            "engines": {
                "node": ">=20.0.0"
            }
        },
        "node_modules/node-telegram-bot-api": {
            "version": "1.1.2",
            "resolved": "https://registry.npmjs.org/node-telegram-bot-api/-/node-telegram-bot-api-1.1.2.tgz",
            "integrity": "sha512-PtLczp0WZCQz7LHsObl1WIyfMSTco58cfYXITqB4Fbeuybd/A/sM729h892fbcjz+szJ9lpu+/pfewUs9NObrg==",
            "license": "MIT",
            "engines": {
                "node": ">=18"
            }
        },
        "node_modules/smart-buffer": {
            "version": "4.2.0",
            "resolved": "https://registry.npmjs.org/smart-buffer/-/smart-buffer-4.2.0.tgz",
            "integrity": "sha512-94hK0Hh8rPqQl2xXc3HsaBoOXKV20MToPkcXvwbISWLEs+64sBq5kFgn2kJDHb1Pry9yrP0dxrCI9RRci7RXKg==",
            "license": "MIT",
            "engines": {
                "node": ">= 6.0.0",
                "npm": ">= 3.0.0"
            }
        },
        "node_modules/socks": {
            "version": "2.8.9",
            "resolved": "https://registry.npmjs.org/socks/-/socks-2.8.9.tgz",
            "integrity": "sha512-LJhUYUvItdQ0LkJTmPeaEObWXAqFyfmP85x0tch/ez9cahmhlBBLbIqDFnvBnUJGagb0JbIQrkBs1wJ+yRYpEw==",
            "license": "MIT",
            "dependencies": {
                "ip-address": "^10.1.1",
                "smart-buffer": "^4.2.0"
            },
            "engines": {
                "node": ">= 10.0.0",
                "npm": ">= 3.0.0"
            }
        },
        "node_modules/undici": {
            "version": "7.28.0",
            "resolved": "https://registry.npmjs.org/undici/-/undici-7.28.0.tgz",
            "integrity": "sha512-cRZYrTDwWznlnRiPjggAGxZXanty6M8RV1ff8Wm4LWXBp7/IG8v5DnOm74DtUBp9OONpK75YlPnIjQqX0dBDtA==",
            "license": "MIT",
            "engines": {
                "node": ">=20.18.1"
            }
        }
    }
}
